
Microsoft Visual Studio Solution File, Format Version 12.00
# Visual Studio Version 16
VisualStudioVersion = 16.0.30717.126
MinimumVisualStudioVersion = 10.0.40219.1
Project("{FAE04EC0-301F-11D3-BF4B-00C04F79EFBC}") = "GroupCheckInThree", "GroupCheckInThree\GroupCheckInThree.csproj", "{96EEB681-EF9E-411D-AB40-128503EE772A}"
EndProject
Global
	GlobalSection(SolutionConfigurationPlatforms) = preSolution
		Debug|Any CPU = Debug|Any CPU
		Release|Any CPU = Release|Any CPU
	EndGlobalSection
	GlobalSection(ProjectConfigurationPlatforms) = postSolution
		{96EEB681-EF9E-411D-AB40-128503EE772A}.Debug|Any CPU.ActiveCfg = Debug|Any CPU
		{96EEB681-EF9E-411D-AB40-128503EE772A}.Debug|Any CPU.Build.0 = Debug|Any CPU
		{96EEB681-EF9E-411D-AB40-128503EE772A}.Release|Any CPU.ActiveCfg = Release|Any CPU
		{96EEB681-EF9E-411D-AB40-128503EE772A}.Release|Any CPU.Build.0 = Release|Any CPU
	EndGlobalSection
	GlobalSection(SolutionProperties) = preSolution
		HideSolutionNode = FALSE
	EndGlobalSection
	GlobalSection(ExtensibilityGlobals) = postSolution
		SolutionGuid = {50665B12-D0A2-4E5C-9165-B68D456F02A9}
	EndGlobalSection
EndGlobal
